
Microsoft Visual Studio Solution File, Format Version 12.00
# Visual Studio Version 17
VisualStudioVersion = 17.7.34009.444
MinimumVisualStudioVersion = 10.0.40219.1
Project("{9A19103F-16F7-4668-BE54-9A1E7A4F7556}") = "RandomGains", "Frame\RandomGains.csproj", "{CEB44F7D-C79E-44F0-A76A-85D0FA7E30A5}"
EndProject
Project("{9A19103F-16F7-4668-BE54-9A1E7A4F7556}") = "BuiltinGains", "BuiltinGains\BuiltinGains.csproj", "{72B33B30-D886-44EA-A009-8C4582471A93}"
EndProject
Project("{9A19103F-16F7-4668-BE54-9A1E7A4F7556}") = "VeryPoorGains", "VeryPoorGains\VeryPoorGains.csproj", "{0EC09E7B-C603-4211-8F0A-E311D913D336}"
EndProject
Global
	GlobalSection(SolutionConfigurationPlatforms) = preSolution
		Debug|Any CPU = Debug|Any CPU
		Release|Any CPU = Release|Any CPU
	EndGlobalSection
	GlobalSection(ProjectConfigurationPlatforms) = postSolution
		{CEB44F7D-C79E-44F0-A76A-85D0FA7E30A5}.Debug|Any CPU.ActiveCfg = Debug|Any CPU
		{CEB44F7D-C79E-44F0-A76A-85D0FA7E30A5}.Debug|Any CPU.Build.0 = Debug|Any CPU
		{CEB44F7D-C79E-44F0-A76A-85D0FA7E30A5}.Release|Any CPU.ActiveCfg = Release|Any CPU
		{CEB44F7D-C79E-44F0-A76A-85D0FA7E30A5}.Release|Any CPU.Build.0 = Release|Any CPU
		{72B33B30-D886-44EA-A009-8C4582471A93}.Debug|Any CPU.ActiveCfg = Debug|Any CPU
		{72B33B30-D886-44EA-A009-8C4582471A93}.Debug|Any CPU.Build.0 = Debug|Any CPU
		{72B33B30-D886-44EA-A009-8C4582471A93}.Release|Any CPU.ActiveCfg = Release|Any CPU
		{72B33B30-D886-44EA-A009-8C4582471A93}.Release|Any CPU.Build.0 = Release|Any CPU
		{0EC09E7B-C603-4211-8F0A-E311D913D336}.Debug|Any CPU.ActiveCfg = Debug|Any CPU
		{0EC09E7B-C603-4211-8F0A-E311D913D336}.Debug|Any CPU.Build.0 = Debug|Any CPU
		{0EC09E7B-C603-4211-8F0A-E311D913D336}.Release|Any CPU.ActiveCfg = Release|Any CPU
		{0EC09E7B-C603-4211-8F0A-E311D913D336}.Release|Any CPU.Build.0 = Release|Any CPU
	EndGlobalSection
	GlobalSection(SolutionProperties) = preSolution
		HideSolutionNode = FALSE
	EndGlobalSection
	GlobalSection(ExtensibilityGlobals) = postSolution
		SolutionGuid = {F0AF6CF4-B946-49E2-9FC9-3769AF0DDDEB}
	EndGlobalSection
EndGlobal
